// !$*UTF8*$!
{
	archiveVersion = 1;
	classes = {
	};
	objectVersion = 56;
	objects = {

/* Begin PBXBuildFile section */
		006EA31F2C588E310030CFDF /* MySetListView.swift in Sources */ = {isa = PBXBuildFile; fileRef = 006EA31E2C588E310030CFDF /* MySetListView.swift */; };
		006EA3242C588ED70030CFDF /* AddSetListView.swift in Sources */ = {isa = PBXBuildFile; fileRef = 006EA3232C588ED70030CFDF /* AddSetListView.swift */; };
		006EA3262C588FB00030CFDF /* TimeLineView.swift in Sources */ = {isa = PBXBuildFile; fileRef = 006EA3252C588FB00030CFDF /* TimeLineView.swift */; };
		006EA3282C588FBC0030CFDF /* MyPageView.swift in Sources */ = {isa = PBXBuildFile; fileRef = 006EA3272C588FBC0030CFDF /* MyPageView.swift */; };
		006EA32A2C588FFA0030CFDF /* CustomTabs.swift in Sources */ = {isa = PBXBuildFile; fileRef = 006EA3292C588FFA0030CFDF /* CustomTabs.swift */; };
		006EA32E2C58A9C70030CFDF /* CoreData.xcdatamodeld in Sources */ = {isa = PBXBuildFile; fileRef = 006EA32C2C58A9C70030CFDF /* CoreData.xcdatamodeld */; };
		006EA3302C58ABDA0030CFDF /* CoreDataController.swift in Sources */ = {isa = PBXBuildFile; fileRef = 006EA32F2C58ABDA0030CFDF /* CoreDataController.swift */; };
		006EA3362C58B2F40030CFDF /* ResignKeyboardOnDragGesture.swift in Sources */ = {isa = PBXBuildFile; fileRef = 006EA3352C58B2F40030CFDF /* ResignKeyboardOnDragGesture.swift */; };
		006EA3382C58CBE50030CFDF /* RankBackground.swift in Sources */ = {isa = PBXBuildFile; fileRef = 006EA3372C58CBE50030CFDF /* RankBackground.swift */; };
		006EA33A2C58CE600030CFDF /* CustomColor.swift in Sources */ = {isa = PBXBuildFile; fileRef = 006EA3392C58CE600030CFDF /* CustomColor.swift */; };
		006EA33D2C58D37B0030CFDF /* LuxurySongCell.swift in Sources */ = {isa = PBXBuildFile; fileRef = 006EA33C2C58D37B0030CFDF /* LuxurySongCell.swift */; };
		0081F7152C5889B3007B49F0 /* SetoriCreatorApp.swift in Sources */ = {isa = PBXBuildFile; fileRef = 0081F7142C5889B3007B49F0 /* SetoriCreatorApp.swift */; };
		0081F7172C5889B3007B49F0 /* ContentView.swift in Sources */ = {isa = PBXBuildFile; fileRef = 0081F7162C5889B3007B49F0 /* ContentView.swift */; };
		0081F7192C5889B6007B49F0 /* Assets.xcassets in Resources */ = {isa = PBXBuildFile; fileRef = 0081F7182C5889B6007B49F0 /* Assets.xcassets */; };
		0081F71C2C5889B6007B49F0 /* Preview Assets.xcassets in Resources */ = {isa = PBXBuildFile; fileRef = 0081F71B2C5889B6007B49F0 /* Preview Assets.xcassets */; };
		0081F7242C588BD1007B49F0 /* HomeView.swift in Sources */ = {isa = PBXBuildFile; fileRef = 0081F7232C588BD1007B49F0 /* HomeView.swift */; };
/* End PBXBuildFile section */

/* Begin PBXFileReference section */
		006EA31E2C588E310030CFDF /* MySetListView.swift */ = {isa = PBXFileReference; lastKnownFileType = sourcecode.swift; path = MySetListView.swift; sourceTree = "<group>"; };
		006EA3232C588ED70030CFDF /* AddSetListView.swift */ = {isa = PBXFileReference; lastKnownFileType = sourcecode.swift; path = AddSetListView.swift; sourceTree = "<group>"; };
		006EA3252C588FB00030CFDF /* TimeLineView.swift */ = {isa = PBXFileReference; lastKnownFileType = sourcecode.swift; path = TimeLineView.swift; sourceTree = "<group>"; };
		006EA3272C588FBC0030CFDF /* MyPageView.swift */ = {isa = PBXFileReference; lastKnownFileType = sourcecode.swift; path = MyPageView.swift; sourceTree = "<group>"; };
		006EA3292C588FFA0030CFDF /* CustomTabs.swift */ = {isa = PBXFileReference; lastKnownFileType = sourcecode.swift; path = CustomTabs.swift; sourceTree = "<group>"; };
		006EA32D2C58A9C70030CFDF /* CoreData.xcdatamodel */ = {isa = PBXFileReference; lastKnownFileType = wrapper.xcdatamodel; path = CoreData.xcdatamodel; sourceTree = "<group>"; };
		006EA32F2C58ABDA0030CFDF /* CoreDataController.swift */ = {isa = PBXFileReference; lastKnownFileType = sourcecode.swift; path = CoreDataController.swift; sourceTree = "<group>"; };
		006EA3352C58B2F40030CFDF /* ResignKeyboardOnDragGesture.swift */ = {isa = PBXFileReference; lastKnownFileType = sourcecode.swift; path = ResignKeyboardOnDragGesture.swift; sourceTree = "<group>"; };
		006EA3372C58CBE50030CFDF /* RankBackground.swift */ = {isa = PBXFileReference; lastKnownFileType = sourcecode.swift; path = RankBackground.swift; sourceTree = "<group>"; };
		006EA3392C58CE600030CFDF /* CustomColor.swift */ = {isa = PBXFileReference; lastKnownFileType = sourcecode.swift; path = CustomColor.swift; sourceTree = "<group>"; };
		006EA33C2C58D37B0030CFDF /* LuxurySongCell.swift */ = {isa = PBXFileReference; lastKnownFileType = sourcecode.swift; path = LuxurySongCell.swift; sourceTree = "<group>"; };
		0081F7112C5889B3007B49F0 /* SetoriCreator.app */ = {isa = PBXFileReference; explicitFileType = wrapper.application; includeInIndex = 0; path = SetoriCreator.app; sourceTree = BUILT_PRODUCTS_DIR; };
		0081F7142C5889B3007B49F0 /* SetoriCreatorApp.swift */ = {isa = PBXFileReference; lastKnownFileType = sourcecode.swift; path = SetoriCreatorApp.swift; sourceTree = "<group>"; };
		0081F7162C5889B3007B49F0 /* ContentView.swift */ = {isa = PBXFileReference; lastKnownFileType = sourcecode.swift; path = ContentView.swift; sourceTree = "<group>"; };
		0081F7182C5889B6007B49F0 /* Assets.xcassets */ = {isa = PBXFileReference; lastKnownFileType = folder.assetcatalog; path = Assets.xcassets; sourceTree = "<group>"; };
		0081F71B2C5889B6007B49F0 /* Preview Assets.xcassets */ = {isa = PBXFileReference; lastKnownFileType = folder.assetcatalog; path = "Preview Assets.xcassets"; sourceTree = "<group>"; };
		0081F7232C588BD1007B49F0 /* HomeView.swift */ = {isa = PBXFileReference; lastKnownFileType = sourcecode.swift; path = HomeView.swift; sourceTree = "<group>"; };
/* End PBXFileReference section */

/* Begin PBXFrameworksBuildPhase section */
		0081F70E2C5889B3007B49F0 /* Frameworks */ = {
			isa = PBXFrameworksBuildPhase;
			buildActionMask = 2147483647;
			files = (
			);
			runOnlyForDeploymentPostprocessing = 0;
		};
/* End PBXFrameworksBuildPhase section */

/* Begin PBXGroup section */
		006EA3202C588E340030CFDF /* TabViews */ = {
			isa = PBXGroup;
			children = (
				0081F7232C588BD1007B49F0 /* HomeView.swift */,
				006EA31E2C588E310030CFDF /* MySetListView.swift */,
				006EA3232C588ED70030CFDF /* AddSetListView.swift */,
				006EA3252C588FB00030CFDF /* TimeLineView.swift */,
				006EA3272C588FBC0030CFDF /* MyPageView.swift */,
				006EA3292C588FFA0030CFDF /* CustomTabs.swift */,
			);
			path = TabViews;
			sourceTree = "<group>";
		};
		006EA32B2C58A9AC0030CFDF /* DataModel */ = {
			isa = PBXGroup;
			children = (
				006EA32C2C58A9C70030CFDF /* CoreData.xcdatamodeld */,
				006EA32F2C58ABDA0030CFDF /* CoreDataController.swift */,
			);
			path = DataModel;
			sourceTree = "<group>";
		};
		006EA3332C58B1F50030CFDF /* ViewModel */ = {
			isa = PBXGroup;
			children = (
			);
			path = ViewModel;
			sourceTree = "<group>";
		};
		006EA3342C58B2D00030CFDF /* Helpers */ = {
			isa = PBXGroup;
			children = (
				006EA3352C58B2F40030CFDF /* ResignKeyboardOnDragGesture.swift */,
				006EA3372C58CBE50030CFDF /* RankBackground.swift */,
				006EA3392C58CE600030CFDF /* CustomColor.swift */,
			);
			path = Helpers;
			sourceTree = "<group>";
		};
		006EA33B2C58D3600030CFDF /* Cells */ = {
			isa = PBXGroup;
			children = (
				006EA33C2C58D37B0030CFDF /* LuxurySongCell.swift */,
			);
			path = Cells;
			sourceTree = "<group>";
		};
		0081F7082C5889B3007B49F0 = {
			isa = PBXGroup;
			children = (
				0081F7132C5889B3007B49F0 /* SetoriCreator */,
				0081F7122C5889B3007B49F0 /* Products */,
			);
			sourceTree = "<group>";
		};
		0081F7122C5889B3007B49F0 /* Products */ = {
			isa = PBXGroup;
			children = (
				0081F7112C5889B3007B49F0 /* SetoriCreator.app */,
			);
			name = Products;
			sourceTree = "<group>";
		};
		0081F7132C5889B3007B49F0 /* SetoriCreator */ = {
			isa = PBXGroup;
			children = (
				0081F7142C5889B3007B49F0 /* SetoriCreatorApp.swift */,
				0081F7162C5889B3007B49F0 /* ContentView.swift */,
				0081F7222C588BC5007B49F0 /* Views */,
				006EA3332C58B1F50030CFDF /* ViewModel */,
				006EA33B2C58D3600030CFDF /* Cells */,
				006EA32B2C58A9AC0030CFDF /* DataModel */,
				006EA3342C58B2D00030CFDF /* Helpers */,
				0081F7182C5889B6007B49F0 /* Assets.xcassets */,
				0081F71A2C5889B6007B49F0 /* Preview Content */,
			);
			path = SetoriCreator;
			sourceTree = "<group>";
		};
		0081F71A2C5889B6007B49F0 /* Preview Content */ = {
			isa = PBXGroup;
			children = (
				0081F71B2C5889B6007B49F0 /* Preview Assets.xcassets */,
			);
			path = "Preview Content";
			sourceTree = "<group>";
		};
		0081F7222C588BC5007B49F0 /* Views */ = {
			isa = PBXGroup;
			children = (
				006EA3202C588E340030CFDF /* TabViews */,
			);
			path = Views;
			sourceTree = "<group>";
		};
/* End PBXGroup section */

/* Begin PBXNativeTarget section */
		0081F7102C5889B3007B49F0 /* SetoriCreator */ = {
			isa = PBXNativeTarget;
			buildConfigurationList = 0081F71F2C5889B6007B49F0 /* Build configuration list for PBXNativeTarget "SetoriCreator" */;
			buildPhases = (
				0081F70D2C5889B3007B49F0 /* Sources */,
				0081F70E2C5889B3007B49F0 /* Frameworks */,
				0081F70F2C5889B3007B49F0 /* Resources */,
			);
			buildRules = (
			);
			dependencies = (
			);
			name = SetoriCreator;
			productName = SetoriCreator;
			productReference = 0081F7112C5889B3007B49F0 /* SetoriCreator.app */;
			productType = "com.apple.product-type.application";
		};
/* End PBXNativeTarget section */

/* Begin PBXProject section */
		0081F7092C5889B3007B49F0 /* Project object */ = {
			isa = PBXProject;
			attributes = {
				BuildIndependentTargetsInParallel = 1;
				LastSwiftUpdateCheck = 1530;
				LastUpgradeCheck = 1530;
				TargetAttributes = {
					0081F7102C5889B3007B49F0 = {
						CreatedOnToolsVersion = 15.3;
					};
				};
			};
			buildConfigurationList = 0081F70C2C5889B3007B49F0 /* Build configuration list for PBXProject "SetoriCreator" */;
			compatibilityVersion = "Xcode 14.0";
			developmentRegion = ja;
			hasScannedForEncodings = 0;
			knownRegions = (
				en,
				Base,
				ja,
			);
			mainGroup = 0081F7082C5889B3007B49F0;
			productRefGroup = 0081F7122C5889B3007B49F0 /* Products */;
			projectDirPath = "";
			projectRoot = "";
			targets = (
				0081F7102C5889B3007B49F0 /* SetoriCreator */,
			);
		};
/* End PBXProject section */

/* Begin PBXResourcesBuildPhase section */
		0081F70F2C5889B3007B49F0 /* Resources */ = {
			isa = PBXResourcesBuildPhase;
			buildActionMask = 2147483647;
			files = (
				0081F71C2C5889B6007B49F0 /* Preview Assets.xcassets in Resources */,
				0081F7192C5889B6007B49F0 /* Assets.xcassets in Resources */,
			);
			runOnlyForDeploymentPostprocessing = 0;
		};
/* End PBXResourcesBuildPhase section */

/* Begin PBXSourcesBuildPhase section */
		0081F70D2C5889B3007B49F0 /* Sources */ = {
			isa = PBXSourcesBuildPhase;
			buildActionMask = 2147483647;
			files = (
				006EA32A2C588FFA0030CFDF /* CustomTabs.swift in Sources */,
				006EA3282C588FBC0030CFDF /* MyPageView.swift in Sources */,
				006EA3302C58ABDA0030CFDF /* CoreDataController.swift in Sources */,
				006EA33A2C58CE600030CFDF /* CustomColor.swift in Sources */,
				006EA3382C58CBE50030CFDF /* RankBackground.swift in Sources */,
				006EA32E2C58A9C70030CFDF /* CoreData.xcdatamodeld in Sources */,
				006EA3242C588ED70030CFDF /* AddSetListView.swift in Sources */,
				006EA33D2C58D37B0030CFDF /* LuxurySongCell.swift in Sources */,
				006EA3262C588FB00030CFDF /* TimeLineView.swift in Sources */,
				0081F7242C588BD1007B49F0 /* HomeView.swift in Sources */,
				0081F7172C5889B3007B49F0 /* ContentView.swift in Sources */,
				0081F7152C5889B3007B49F0 /* SetoriCreatorApp.swift in Sources */,
				006EA3362C58B2F40030CFDF /* ResignKeyboardOnDragGesture.swift in Sources */,
				006EA31F2C588E310030CFDF /* MySetListView.swift in Sources */,
			);
			runOnlyForDeploymentPostprocessing = 0;
		};
/* End PBXSourcesBuildPhase section */

/* Begin XCBuildConfiguration section */
		0081F71D2C5889B6007B49F0 /* Debug */ = {
			isa = XCBuildConfiguration;
			buildSettings = {
				ALWAYS_SEARCH_USER_PATHS = NO;
				ASSETCATALOG_COMPILER_GENERATE_SWIFT_ASSET_SYMBOL_EXTENSIONS = YES;
				CLANG_ANALYZER_NONNULL = YES;
				CLANG_ANALYZER_NUMBER_OBJECT_CONVERSION = YES_AGGRESSIVE;
				CLANG_CXX_LANGUAGE_STANDARD = "gnu++20";
				CLANG_ENABLE_MODULES = YES;
				CLANG_ENABLE_OBJC_ARC = YES;
				CLANG_ENABLE_OBJC_WEAK = YES;
				CLANG_WARN_BLOCK_CAPTURE_AUTORELEASING = YES;
				CLANG_WARN_BOOL_CONVERSION = YES;
				CLANG_WARN_COMMA = YES;
				CLANG_WARN_CONSTANT_CONVERSION = YES;
				CLANG_WARN_DEPRECATED_OBJC_IMPLEMENTATIONS = YES;
				CLANG_WARN_DIRECT_OBJC_ISA_USAGE = YES_ERROR;
				CLANG_WARN_DOCUMENTATION_COMMENTS = YES;
				CLANG_WARN_EMPTY_BODY = YES;
				CLANG_WARN_ENUM_CONVERSION = YES;
				CLANG_WARN_INFINITE_RECURSION = YES;
				CLANG_WARN_INT_CONVERSION = YES;
				CLANG_WARN_NON_LITERAL_NULL_CONVERSION = YES;
				CLANG_WARN_OBJC_IMPLICIT_RETAIN_SELF = YES;
				CLANG_WARN_OBJC_LITERAL_CONVERSION = YES;
				CLANG_WARN_OBJC_ROOT_CLASS = YES_ERROR;
				CLANG_WARN_QUOTED_INCLUDE_IN_FRAMEWORK_HEADER = YES;
				CLANG_WARN_RANGE_LOOP_ANALYSIS = YES;
				CLANG_WARN_STRICT_PROTOTYPES = YES;
				CLANG_WARN_SUSPICIOUS_MOVE = YES;
				CLANG_WARN_UNGUARDED_AVAILABILITY = YES_AGGRESSIVE;
				CLANG_WARN_UNREACHABLE_CODE = YES;
				CLANG_WARN__DUPLICATE_METHOD_MATCH = YES;
				COPY_PHASE_STRIP = NO;
				DEBUG_INFORMATION_FORMAT = dwarf;
				ENABLE_STRICT_OBJC_MSGSEND = YES;
				ENABLE_TESTABILITY = YES;
				ENABLE_USER_SCRIPT_SANDBOXING = YES;
				GCC_C_LANGUAGE_STANDARD = gnu17;
				GCC_DYNAMIC_NO_PIC = NO;
				GCC_NO_COMMON_BLOCKS = YES;
				GCC_OPTIMIZATION_LEVEL = 0;
				GCC_PREPROCESSOR_DEFINITIONS = (
					"DEBUG=1",
					"$(inherited)",
				);
				GCC_WARN_64_TO_32_BIT_CONVERSION = YES;
				GCC_WARN_ABOUT_RETURN_TYPE = YES_ERROR;
				GCC_WARN_UNDECLARED_SELECTOR = YES;
				GCC_WARN_UNINITIALIZED_AUTOS = YES_AGGRESSIVE;
				GCC_WARN_UNUSED_FUNCTION = YES;
				GCC_WARN_UNUSED_VARIABLE = YES;
				IPHONEOS_DEPLOYMENT_TARGET = 17.4;
				LOCALIZATION_PREFERS_STRING_CATALOGS = YES;
				MTL_ENABLE_DEBUG_INFO = INCLUDE_SOURCE;
				MTL_FAST_MATH = YES;
				ONLY_ACTIVE_ARCH = YES;
				SDKROOT = iphoneos;
				SWIFT_ACTIVE_COMPILATION_CONDITIONS = "DEBUG $(inherited)";
				SWIFT_OPTIMIZATION_LEVEL = "-Onone";
			};
			name = Debug;
		};
		0081F71E2C5889B6007B49F0 /* Release */ = {
			isa = XCBuildConfiguration;
			buildSettings = {
				ALWAYS_SEARCH_USER_PATHS = NO;
				ASSETCATALOG_COMPILER_GENERATE_SWIFT_ASSET_SYMBOL_EXTENSIONS = YES;
				CLANG_ANALYZER_NONNULL = YES;
				CLANG_ANALYZER_NUMBER_OBJECT_CONVERSION = YES_AGGRESSIVE;
				CLANG_CXX_LANGUAGE_STANDARD = "gnu++20";
				CLANG_ENABLE_MODULES = YES;
				CLANG_ENABLE_OBJC_ARC = YES;
				CLANG_ENABLE_OBJC_WEAK = YES;
				CLANG_WARN_BLOCK_CAPTURE_AUTORELEASING = YES;
				CLANG_WARN_BOOL_CONVERSION = YES;
				CLANG_WARN_COMMA = YES;
				CLANG_WARN_CONSTANT_CONVERSION = YES;
				CLANG_WARN_DEPRECATED_OBJC_IMPLEMENTATIONS = YES;
				CLANG_WARN_DIRECT_OBJC_ISA_USAGE = YES_ERROR;
				CLANG_WARN_DOCUMENTATION_COMMENTS = YES;
				CLANG_WARN_EMPTY_BODY = YES;
				CLANG_WARN_ENUM_CONVERSION = YES;
				CLANG_WARN_INFINITE_RECURSION = YES;
				CLANG_WARN_INT_CONVERSION = YES;
				CLANG_WARN_NON_LITERAL_NULL_CONVERSION = YES;
				CLANG_WARN_OBJC_IMPLICIT_RETAIN_SELF = YES;
				CLANG_WARN_OBJC_LITERAL_CONVERSION = YES;
				CLANG_WARN_OBJC_ROOT_CLASS = YES_ERROR;
				CLANG_WARN_QUOTED_INCLUDE_IN_FRAMEWORK_HEADER = YES;
				CLANG_WARN_RANGE_LOOP_ANALYSIS = YES;
				CLANG_WARN_STRICT_PROTOTYPES = YES;
				CLANG_WARN_SUSPICIOUS_MOVE = YES;
				CLANG_WARN_UNGUARDED_AVAILABILITY = YES_AGGRESSIVE;
				CLANG_WARN_UNREACHABLE_CODE = YES;
				CLANG_WARN__DUPLICATE_METHOD_MATCH = YES;
				COPY_PHASE_STRIP = NO;
				DEBUG_INFORMATION_FORMAT = "dwarf-with-dsym";
				ENABLE_NS_ASSERTIONS = NO;
				ENABLE_STRICT_OBJC_MSGSEND = YES;
				ENABLE_USER_SCRIPT_SANDBOXING = YES;
				GCC_C_LANGUAGE_STANDARD = gnu17;
				GCC_NO_COMMON_BLOCKS = YES;
				GCC_WARN_64_TO_32_BIT_CONVERSION = YES;
				GCC_WARN_ABOUT_RETURN_TYPE = YES_ERROR;
				GCC_WARN_UNDECLARED_SELECTOR = YES;
				GCC_WARN_UNINITIALIZED_AUTOS = YES_AGGRESSIVE;
				GCC_WARN_UNUSED_FUNCTION = YES;
				GCC_WARN_UNUSED_VARIABLE = YES;
				IPHONEOS_DEPLOYMENT_TARGET = 17.4;
				LOCALIZATION_PREFERS_STRING_CATALOGS = YES;
				MTL_ENABLE_DEBUG_INFO = NO;
				MTL_FAST_MATH = YES;
				SDKROOT = iphoneos;
				SWIFT_COMPILATION_MODE = wholemodule;
				VALIDATE_PRODUCT = YES;
			};
			name = Release;
		};
		0081F7202C5889B6007B49F0 /* Debug */ = {
			isa = XCBuildConfiguration;
			buildSettings = {
				ASSETCATALOG_COMPILER_APPICON_NAME = AppIcon;
				ASSETCATALOG_COMPILER_GLOBAL_ACCENT_COLOR_NAME = AccentColor;
				CODE_SIGN_STYLE = Automatic;
				CURRENT_PROJECT_VERSION = 1;
				DEVELOPMENT_ASSET_PATHS = "\"SetoriCreator/Preview Content\"";
				DEVELOPMENT_TEAM = T9UM9Z6XFV;
				ENABLE_PREVIEWS = YES;
				GENERATE_INFOPLIST_FILE = YES;
				INFOPLIST_KEY_NSAppleMusicUsageDescription = "アーティストや曲の検索に使用します。";
				INFOPLIST_KEY_UIApplicationSceneManifest_Generation = YES;
				INFOPLIST_KEY_UIApplicationSupportsIndirectInputEvents = YES;
				INFOPLIST_KEY_UILaunchScreen_Generation = YES;
				INFOPLIST_KEY_UISupportedInterfaceOrientations_iPad = "UIInterfaceOrientationPortrait UIInterfaceOrientationPortraitUpsideDown UIInterfaceOrientationLandscapeLeft UIInterfaceOrientationLandscapeRight";
				INFOPLIST_KEY_UISupportedInterfaceOrientations_iPhone = "UIInterfaceOrientationPortrait UIInterfaceOrientationLandscapeLeft UIInterfaceOrientationLandscapeRight";
				LD_RUNPATH_SEARCH_PATHS = (
					"$(inherited)",
					"@executable_path/Frameworks",
				);
				MARKETING_VERSION = 1.0;
				PRODUCT_BUNDLE_IDENTIFIER = com.sattsat.setoricreator;
				PRODUCT_NAME = "$(TARGET_NAME)";
				SWIFT_EMIT_LOC_STRINGS = YES;
				SWIFT_VERSION = 5.0;
				TARGETED_DEVICE_FAMILY = "1,2";
			};
			name = Debug;
		};
		0081F7212C5889B6007B49F0 /* Release */ = {
			isa = XCBuildConfiguration;
			buildSettings = {
				ASSETCATALOG_COMPILER_APPICON_NAME = AppIcon;
				ASSETCATALOG_COMPILER_GLOBAL_ACCENT_COLOR_NAME = AccentColor;
				CODE_SIGN_STYLE = Automatic;
				CURRENT_PROJECT_VERSION = 1;
				DEVELOPMENT_ASSET_PATHS = "\"SetoriCreator/Preview Content\"";
				DEVELOPMENT_TEAM = T9UM9Z6XFV;
				ENABLE_PREVIEWS = YES;
				GENERATE_INFOPLIST_FILE = YES;
				INFOPLIST_KEY_NSAppleMusicUsageDescription = "アーティストや曲の検索に使用します。";
				INFOPLIST_KEY_UIApplicationSceneManifest_Generation = YES;
				INFOPLIST_KEY_UIApplicationSupportsIndirectInputEvents = YES;
				INFOPLIST_KEY_UILaunchScreen_Generation = YES;
				INFOPLIST_KEY_UISupportedInterfaceOrientations_iPad = "UIInterfaceOrientationPortrait UIInterfaceOrientationPortraitUpsideDown UIInterfaceOrientationLandscapeLeft UIInterfaceOrientationLandscapeRight";
				INFOPLIST_KEY_UISupportedInterfaceOrientations_iPhone = "UIInterfaceOrientationPortrait UIInterfaceOrientationLandscapeLeft UIInterfaceOrientationLandscapeRight";
				LD_RUNPATH_SEARCH_PATHS = (
					"$(inherited)",
					"@executable_path/Frameworks",
				);
				MARKETING_VERSION = 1.0;
				PRODUCT_BUNDLE_IDENTIFIER = com.sattsat.setoricreator;
				PRODUCT_NAME = "$(TARGET_NAME)";
				SWIFT_EMIT_LOC_STRINGS = YES;
				SWIFT_VERSION = 5.0;
				TARGETED_DEVICE_FAMILY = "1,2";
			};
			name = Release;
		};
/* End XCBuildConfiguration section */

/* Begin XCConfigurationList section */
		0081F70C2C5889B3007B49F0 /* Build configuration list for PBXProject "SetoriCreator" */ = {
			isa = XCConfigurationList;
			buildConfigurations = (
				0081F71D2C5889B6007B49F0 /* Debug */,
				0081F71E2C5889B6007B49F0 /* Release */,
			);
			defaultConfigurationIsVisible = 0;
			defaultConfigurationName = Release;
		};
		0081F71F2C5889B6007B49F0 /* Build configuration list for PBXNativeTarget "SetoriCreator" */ = {
			isa = XCConfigurationList;
			buildConfigurations = (
				0081F7202C5889B6007B49F0 /* Debug */,
				0081F7212C5889B6007B49F0 /* Release */,
			);
			defaultConfigurationIsVisible = 0;
			defaultConfigurationName = Release;
		};
/* End XCConfigurationList section */

/* Begin XCVersionGroup section */
		006EA32C2C58A9C70030CFDF /* CoreData.xcdatamodeld */ = {
			isa = XCVersionGroup;
			children = (
				006EA32D2C58A9C70030CFDF /* CoreData.xcdatamodel */,
			);
			currentVersion = 006EA32D2C58A9C70030CFDF /* CoreData.xcdatamodel */;
			name = CoreData.xcdatamodeld;
			path = /Users/ishiimasato/Documents/SwiftUI/Project/SetoriCreator/SetoriCreator/DataModel/CoreData.xcdatamodeld;
			sourceTree = "<group>";
			versionGroupType = wrapper.xcdatamodel;
		};
/* End XCVersionGroup section */
	};
	rootObject = 0081F7092C5889B3007B49F0 /* Project object */;
}
