{
  "originHash" : "3685d775c781caf98179581cad228856352348b6d5c7679825386e193f54f37b",
  "pins" : [
    {
      "identity" : "alertkit",
      "kind" : "remoteSourceControl",
      "location" : "https://github.com/sparrowcode/AlertKit",
      "state" : {
        "revision" : "3b73be8db5a7e7efaf474c6ed919f5a437d843c9",
        "version" : "5.1.9"
      }
    }
  ],
  "version" : 3
}
